
Microsoft Visual Studio Solution File, Format Version 12.00
# Visual Studio Version 16
VisualStudioVersion = 16.0.32106.194
MinimumVisualStudioVersion = 10.0.40219.1
Project("{9A19103F-16F7-4668-BE54-9A1E7A4F7556}") = "CentralService.Api.Matchmaking", "CentralService.Api.Matchmaking\CentralService.Api.Matchmaking.csproj", "{6B48F95F-2DD6-4157-BF54-5A3240E00E82}"
EndProject
Project("{9A19103F-16F7-4668-BE54-9A1E7A4F7556}") = "CentralService.Api.Matchmaking.Interfaces", "CentralService.Api.Matchmaking.Interfaces\CentralService.Api.Matchmaking.Interfaces.csproj", "{1257E719-11B0-4E2C-9FE6-D7655809B077}"
EndProject
Project("{9A19103F-16F7-4668-BE54-9A1E7A4F7556}") = "CentralService.Api.Matchmaking.Dto", "CentralService.Api.Matchmaking.Dto\CentralService.Api.Matchmaking.Dto.csproj", "{46988655-1A2D-4245-AB37-7B60796E5035}"
EndProject
Project("{9A19103F-16F7-4668-BE54-9A1E7A4F7556}") = "CentralService.Api.Matchmaking.Core", "CentralService.Api.Matchmaking.Core\CentralService.Api.Matchmaking.Core.csproj", "{56A9BB72-E926-46A2-95A7-9D772530516B}"
EndProject
Project("{9A19103F-16F7-4668-BE54-9A1E7A4F7556}") = "CentralService.Api.Matchmaking.Core.Factories", "CentralService.Api.Matchmaking.Core.Factories\CentralService.Api.Matchmaking.Core.Factories.csproj", "{11A578AF-A6F3-47ED-979D-89C2FABEFABA}"
EndProject
Project("{9A19103F-16F7-4668-BE54-9A1E7A4F7556}") = "CentralService.Utility", "CentralService.Utility\CentralService.Utility.csproj", "{54C9484D-1D0E-45DC-8EB7-DC0E9935360D}"
EndProject
Global
	GlobalSection(SolutionConfigurationPlatforms) = preSolution
		Debug|Any CPU = Debug|Any CPU
		Release|Any CPU = Release|Any CPU
	EndGlobalSection
	GlobalSection(ProjectConfigurationPlatforms) = postSolution
		{6B48F95F-2DD6-4157-BF54-5A3240E00E82}.Debug|Any CPU.ActiveCfg = Debug|Any CPU
		{6B48F95F-2DD6-4157-BF54-5A3240E00E82}.Debug|Any CPU.Build.0 = Debug|Any CPU
		{6B48F95F-2DD6-4157-BF54-5A3240E00E82}.Release|Any CPU.ActiveCfg = Release|Any CPU
		{6B48F95F-2DD6-4157-BF54-5A3240E00E82}.Release|Any CPU.Build.0 = Release|Any CPU
		{1257E719-11B0-4E2C-9FE6-D7655809B077}.Debug|Any CPU.ActiveCfg = Debug|Any CPU
		{1257E719-11B0-4E2C-9FE6-D7655809B077}.Debug|Any CPU.Build.0 = Debug|Any CPU
		{1257E719-11B0-4E2C-9FE6-D7655809B077}.Release|Any CPU.ActiveCfg = Release|Any CPU
		{1257E719-11B0-4E2C-9FE6-D7655809B077}.Release|Any CPU.Build.0 = Release|Any CPU
		{46988655-1A2D-4245-AB37-7B60796E5035}.Debug|Any CPU.ActiveCfg = Debug|Any CPU
		{46988655-1A2D-4245-AB37-7B60796E5035}.Debug|Any CPU.Build.0 = Debug|Any CPU
		{46988655-1A2D-4245-AB37-7B60796E5035}.Release|Any CPU.ActiveCfg = Release|Any CPU
		{46988655-1A2D-4245-AB37-7B60796E5035}.Release|Any CPU.Build.0 = Release|Any CPU
		{56A9BB72-E926-46A2-95A7-9D772530516B}.Debug|Any CPU.ActiveCfg = Debug|Any CPU
		{56A9BB72-E926-46A2-95A7-9D772530516B}.Debug|Any CPU.Build.0 = Debug|Any CPU
		{56A9BB72-E926-46A2-95A7-9D772530516B}.Release|Any CPU.ActiveCfg = Release|Any CPU
		{56A9BB72-E926-46A2-95A7-9D772530516B}.Release|Any CPU.Build.0 = Release|Any CPU
		{11A578AF-A6F3-47ED-979D-89C2FABEFABA}.Debug|Any CPU.ActiveCfg = Debug|Any CPU
		{11A578AF-A6F3-47ED-979D-89C2FABEFABA}.Debug|Any CPU.Build.0 = Debug|Any CPU
		{11A578AF-A6F3-47ED-979D-89C2FABEFABA}.Release|Any CPU.ActiveCfg = Release|Any CPU
		{11A578AF-A6F3-47ED-979D-89C2FABEFABA}.Release|Any CPU.Build.0 = Release|Any CPU
		{54C9484D-1D0E-45DC-8EB7-DC0E9935360D}.Debug|Any CPU.ActiveCfg = Debug|Any CPU
		{54C9484D-1D0E-45DC-8EB7-DC0E9935360D}.Debug|Any CPU.Build.0 = Debug|Any CPU
		{54C9484D-1D0E-45DC-8EB7-DC0E9935360D}.Release|Any CPU.ActiveCfg = Release|Any CPU
		{54C9484D-1D0E-45DC-8EB7-DC0E9935360D}.Release|Any CPU.Build.0 = Release|Any CPU
	EndGlobalSection
	GlobalSection(SolutionProperties) = preSolution
		HideSolutionNode = FALSE
	EndGlobalSection
	GlobalSection(ExtensibilityGlobals) = postSolution
		SolutionGuid = {52D52D60-A9E0-4155-A404-E871524ECE59}
	EndGlobalSection
EndGlobal
